
Microsoft Visual Studio Solution File, Format Version 12.00
# Visual Studio 2012
Project("{FAE04EC0-301F-11D3-BF4B-00C04F79EFBC}") = "MatrixFace", "MatrixFace\MatrixFace.csproj", "{6928B61D-D31E-43CF-BF43-9703CCA55CDD}"
EndProject
Global
	GlobalSection(SolutionConfigurationPlatforms) = preSolution
		Debug|Any CPU = Debug|Any CPU
		Release|Any CPU = Release|Any CPU
	EndGlobalSection
	GlobalSection(ProjectConfigurationPlatforms) = postSolution
		{6928B61D-D31E-43CF-BF43-9703CCA55CDD}.Debug|Any CPU.ActiveCfg = Debug|Any CPU
		{6928B61D-D31E-43CF-BF43-9703CCA55CDD}.Debug|Any CPU.Build.0 = Debug|Any CPU
		{6928B61D-D31E-43CF-BF43-9703CCA55CDD}.Debug|Any CPU.Deploy.0 = Debug|Any CPU
		{6928B61D-D31E-43CF-BF43-9703CCA55CDD}.Release|Any CPU.ActiveCfg = Release|Any CPU
		{6928B61D-D31E-43CF-BF43-9703CCA55CDD}.Release|Any CPU.Build.0 = Release|Any CPU
		{6928B61D-D31E-43CF-BF43-9703CCA55CDD}.Release|Any CPU.Deploy.0 = Release|Any CPU
	EndGlobalSection
	GlobalSection(SolutionProperties) = preSolution
		HideSolutionNode = FALSE
	EndGlobalSection
EndGlobal
